{
  "host_tools": {
    "lima": {
      "attestation_repository": "lima-vm/lima",
      "binary_sha256": "f19a4fca3875e1017a5285672be4a62699c1e55918fb6a7afce86a14199e10d9",
      "sha256": "bbdef91774885a0d05f7b048c4eb89ae2bcf3a0c252ae7ca7934e63df76d93c3",
      "source_url": "https://github.com/lima-vm/lima/releases/download/v2.2.0/lima-2.2.0-Darwin-arm64.tar.gz",
      "version": "2.2.0"
    },
    "socket_vmnet": {
      "attestation_repository": "lima-vm/socket_vmnet",
      "binary_sha256": "b8a72a62237312f2f756027dea504a844edeb40014702d4a320292c026d282b0",
      "client_binary_sha256": "2d2e364b808f0b43a92bdd7ac3c7b390d6b55a33c761c61c0738d688286a3eff",
      "sha256": "c7bf62308fbcfdc29bdfb8373c9b1951f7ac2396446e4390919796a94972e6dc",
      "source_url": "https://github.com/lima-vm/socket_vmnet/releases/download/v1.2.2/socket_vmnet-1.2.2-arm64.tar.gz",
      "version": "1.2.2"
    }
  },
  "apt_install_source": {
    "commission_lock_sha256": "08d20373ea31ee116bc75c616ca5aaac1a9467eebaf8df45d4092b315edcee7c",
    "keyring_sha256": "80a36b0a6de2f69f49d2df75ef473ccde121e9e190b9ea01d20a4f63778d5c31",
    "review_status": "signed_snapshot_and_dependency_closure_locked_apply_disabled",
    "signed_by_path": "/usr/share/keyrings/ubuntu-archive-keyring.gpg",
    "snapshot_url": "https://snapshot.ubuntu.com/ubuntu/20260814T203500Z/"
  },
  "review_status": "verified",
  "running_kernel_release": "6.8.0-137-generic",
  "schema_version": 3,
  "ubuntu_packages": {
    "iproute2": "6.1.0-1ubuntu6.4",
    "linux-image-virtual": "6.8.0-137.137",
    "netplan.io": "1.1.2-8ubuntu1~24.04.2",
    "nftables": "1.0.9-1ubuntu0.1",
    "openssh-server": "1:9.6p1-3ubuntu13.18",
    "systemd": "255.4-1ubuntu8.17",
    "ubuntu-keyring": "2023.11.28.1",
    "wireguard-tools": "1.0.20210914-1ubuntu4"
  }
}
